
Microsoft Visual Studio Solution File, Format Version 12.00
# Visual Studio Version 17
VisualStudioVersion = 17.9.34607.119
MinimumVisualStudioVersion = 10.0.40219.1
Project("{9A19103F-16F7-4668-BE54-9A1E7A4F7556}") = "HeartAttack", "HeartAttack.csproj", "{B327E9AD-0896-420F-B5A9-702A48AB3211}"
EndProject
Global
	GlobalSection(SolutionConfigurationPlatforms) = preSolution
		Debug|Any CPU = Debug|Any CPU
		Release|Any CPU = Release|Any CPU
	EndGlobalSection
	GlobalSection(ProjectConfigurationPlatforms) = postSolution
		{B327E9AD-0896-420F-B5A9-702A48AB3211}.Debug|Any CPU.ActiveCfg = Debug|Any CPU
		{B327E9AD-0896-420F-B5A9-702A48AB3211}.Debug|Any CPU.Build.0 = Debug|Any CPU
		{B327E9AD-0896-420F-B5A9-702A48AB3211}.Release|Any CPU.ActiveCfg = Release|Any CPU
		{B327E9AD-0896-420F-B5A9-702A48AB3211}.Release|Any CPU.Build.0 = Release|Any CPU
	EndGlobalSection
	GlobalSection(SolutionProperties) = preSolution
		HideSolutionNode = FALSE
	EndGlobalSection
	GlobalSection(ExtensibilityGlobals) = postSolution
		SolutionGuid = {74F16DCD-2536-471C-9421-31D716A8D1E4}
	EndGlobalSection
EndGlobal
